
Microsoft Visual Studio Solution File, Format Version 12.00
# Visual Studio Version 17
VisualStudioVersion = 17.1.32210.238
MinimumVisualStudioVersion = 10.0.40219.1
Project("{9A19103F-16F7-4668-BE54-9A1E7A4F7556}") = "PlanYourTrip_BackEnd", "PlanYourTrip_BackEnd\PlanYourTrip_BackEnd.csproj", "{AD4CA25A-78A2-4871-AE67-18F432BFB1F2}"
EndProject
Project("{9A19103F-16F7-4668-BE54-9A1E7A4F7556}") = "PlanYourTrip_FrontEnd", "PlanYourTrip_FrontEnd\PlanYourTrip_FrontEnd.csproj", "{458C0221-E502-454E-940D-30E65640CA03}"

EndProject
Project("{9A19103F-16F7-4668-BE54-9A1E7A4F7556}") = "PlanYourTrip_ClassLibrary", "PlanYourTrip_ClassLibrary\PlanYourTrip_ClassLibrary.csproj", "{6D0A0E92-DB74-412B-AD27-584C12AEC10E}"

EndProject
Global
	GlobalSection(SolutionConfigurationPlatforms) = preSolution
		Debug|Any CPU = Debug|Any CPU
		Release|Any CPU = Release|Any CPU
	EndGlobalSection
	GlobalSection(ProjectConfigurationPlatforms) = postSolution
		{AD4CA25A-78A2-4871-AE67-18F432BFB1F2}.Debug|Any CPU.ActiveCfg = Debug|Any CPU
		{AD4CA25A-78A2-4871-AE67-18F432BFB1F2}.Debug|Any CPU.Build.0 = Debug|Any CPU
		{AD4CA25A-78A2-4871-AE67-18F432BFB1F2}.Release|Any CPU.ActiveCfg = Release|Any CPU
		{AD4CA25A-78A2-4871-AE67-18F432BFB1F2}.Release|Any CPU.Build.0 = Release|Any CPU
		{458C0221-E502-454E-940D-30E65640CA03}.Debug|Any CPU.ActiveCfg = Debug|Any CPU
		{458C0221-E502-454E-940D-30E65640CA03}.Debug|Any CPU.Build.0 = Debug|Any CPU
		{458C0221-E502-454E-940D-30E65640CA03}.Release|Any CPU.ActiveCfg = Release|Any CPU
		{458C0221-E502-454E-940D-30E65640CA03}.Release|Any CPU.Build.0 = Release|Any CPU
		{6D0A0E92-DB74-412B-AD27-584C12AEC10E}.Debug|Any CPU.ActiveCfg = Debug|Any CPU
		{6D0A0E92-DB74-412B-AD27-584C12AEC10E}.Debug|Any CPU.Build.0 = Debug|Any CPU
		{6D0A0E92-DB74-412B-AD27-584C12AEC10E}.Release|Any CPU.ActiveCfg = Release|Any CPU
		{6D0A0E92-DB74-412B-AD27-584C12AEC10E}.Release|Any CPU.Build.0 = Release|Any CPU
	EndGlobalSection
	GlobalSection(SolutionProperties) = preSolution
		HideSolutionNode = FALSE
	EndGlobalSection
	GlobalSection(ExtensibilityGlobals) = postSolution
		SolutionGuid = {402D3C84-FDAC-42EC-8F25-971A59F08210}
	EndGlobalSection
EndGlobal
